
Microsoft Visual Studio Solution File, Format Version 12.00
# Visual Studio Version 17
VisualStudioVersion = 17.3.32901.215
MinimumVisualStudioVersion = 10.0.40219.1
Project("{FAE04EC0-301F-11D3-BF4B-00C04F79EFBC}") = "Matrices", "Matrices\Matrices.csproj", "{224F6E71-1DCE-469A-8BEC-0E798DB99CD3}"
EndProject
Global
	GlobalSection(SolutionConfigurationPlatforms) = preSolution
		Debug|Any CPU = Debug|Any CPU
		Release|Any CPU = Release|Any CPU
	EndGlobalSection
	GlobalSection(ProjectConfigurationPlatforms) = postSolution
		{224F6E71-1DCE-469A-8BEC-0E798DB99CD3}.Debug|Any CPU.ActiveCfg = Debug|Any CPU
		{224F6E71-1DCE-469A-8BEC-0E798DB99CD3}.Debug|Any CPU.Build.0 = Debug|Any CPU
		{224F6E71-1DCE-469A-8BEC-0E798DB99CD3}.Release|Any CPU.ActiveCfg = Release|Any CPU
		{224F6E71-1DCE-469A-8BEC-0E798DB99CD3}.Release|Any CPU.Build.0 = Release|Any CPU
	EndGlobalSection
	GlobalSection(SolutionProperties) = preSolution
		HideSolutionNode = FALSE
	EndGlobalSection
	GlobalSection(ExtensibilityGlobals) = postSolution
		SolutionGuid = {11959294-C8D1-48F6-8222-23EC90562C56}
	EndGlobalSection
EndGlobal
